
Microsoft Visual Studio Solution File, Format Version 12.00
# Visual Studio 15
VisualStudioVersion = 15.0.28307.271
MinimumVisualStudioVersion = 10.0.40219.1
Project("{FAE04EC0-301F-11D3-BF4B-00C04F79EFBC}") = "SilentPushPoC.Android", "SilentPushPoC\SilentPushPoC.Android\SilentPushPoC.Android.csproj", "{DD2799E8-7CF0-48F1-A0AF-B2F20EB66FD8}"
EndProject
Project("{FAE04EC0-301F-11D3-BF4B-00C04F79EFBC}") = "SilentPushPoC.iOS", "SilentPushPoC\SilentPushPoC.iOS\SilentPushPoC.iOS.csproj", "{87746C0B-CEC6-49AF-8B31-3350CE691399}"
EndProject
Project("{9A19103F-16F7-4668-BE54-9A1E7A4F7556}") = "SilentPushPoC", "SilentPushPoC\SilentPushPoC\SilentPushPoC.csproj", "{56D7E1EE-F065-4A6C-9EC1-86B6EC66CD09}"
EndProject
Project("{FAE04EC0-301F-11D3-BF4B-00C04F79EFBC}") = "NotificationPusher", "NotificationPusher\NotificationPusher.csproj", "{F79AA219-D551-4E13-A173-92A1ADC0E1A7}"
EndProject
Global
	GlobalSection(SolutionConfigurationPlatforms) = preSolution
		Ad-Hoc|Any CPU = Ad-Hoc|Any CPU
		Ad-Hoc|iPhone = Ad-Hoc|iPhone
		Ad-Hoc|iPhoneSimulator = Ad-Hoc|iPhoneSimulator
		AppStore|Any CPU = AppStore|Any CPU
		AppStore|iPhone = AppStore|iPhone
		AppStore|iPhoneSimulator = AppStore|iPhoneSimulator
		Debug|Any CPU = Debug|Any CPU
		Debug|iPhone = Debug|iPhone
		Debug|iPhoneSimulator = Debug|iPhoneSimulator
		Release|Any CPU = Release|Any CPU
		Release|iPhone = Release|iPhone
		Release|iPhoneSimulator = Release|iPhoneSimulator
	EndGlobalSection
	GlobalSection(ProjectConfigurationPlatforms) = postSolution
		{DD2799E8-7CF0-48F1-A0AF-B2F20EB66FD8}.Ad-Hoc|Any CPU.ActiveCfg = Release|Any CPU
		{DD2799E8-7CF0-48F1-A0AF-B2F20EB66FD8}.Ad-Hoc|Any CPU.Build.0 = Release|Any CPU
		{DD2799E8-7CF0-48F1-A0AF-B2F20EB66FD8}.Ad-Hoc|Any CPU.Deploy.0 = Release|Any CPU
		{DD2799E8-7CF0-48F1-A0AF-B2F20EB66FD8}.Ad-Hoc|iPhone.ActiveCfg = Release|Any CPU
		{DD2799E8-7CF0-48F1-A0AF-B2F20EB66FD8}.Ad-Hoc|iPhone.Build.0 = Release|Any CPU
		{DD2799E8-7CF0-48F1-A0AF-B2F20EB66FD8}.Ad-Hoc|iPhone.Deploy.0 = Release|Any CPU
		{DD2799E8-7CF0-48F1-A0AF-B2F20EB66FD8}.Ad-Hoc|iPhoneSimulator.ActiveCfg = Release|Any CPU
		{DD2799E8-7CF0-48F1-A0AF-B2F20EB66FD8}.Ad-Hoc|iPhoneSimulator.Build.0 = Release|Any CPU
		{DD2799E8-7CF0-48F1-A0AF-B2F20EB66FD8}.Ad-Hoc|iPhoneSimulator.Deploy.0 = Release|Any CPU
		{DD2799E8-7CF0-48F1-A0AF-B2F20EB66FD8}.AppStore|Any CPU.ActiveCfg = Release|Any CPU
		{DD2799E8-7CF0-48F1-A0AF-B2F20EB66FD8}.AppStore|Any CPU.Build.0 = Release|Any CPU
		{DD2799E8-7CF0-48F1-A0AF-B2F20EB66FD8}.AppStore|Any CPU.Deploy.0 = Release|Any CPU
		{DD2799E8-7CF0-48F1-A0AF-B2F20EB66FD8}.AppStore|iPhone.ActiveCfg = Release|Any CPU
		{DD2799E8-7CF0-48F1-A0AF-B2F20EB66FD8}.AppStore|iPhone.Build.0 = Release|Any CPU
		{DD2799E8-7CF0-48F1-A0AF-B2F20EB66FD8}.AppStore|iPhone.Deploy.0 = Release|Any CPU
		{DD2799E8-7CF0-48F1-A0AF-B2F20EB66FD8}.AppStore|iPhoneSimulator.ActiveCfg = Release|Any CPU
		{DD2799E8-7CF0-48F1-A0AF-B2F20EB66FD8}.AppStore|iPhoneSimulator.Build.0 = Release|Any CPU
		{DD2799E8-7CF0-48F1-A0AF-B2F20EB66FD8}.AppStore|iPhoneSimulator.Deploy.0 = Release|Any CPU
		{DD2799E8-7CF0-48F1-A0AF-B2F20EB66FD8}.Debug|Any CPU.ActiveCfg = Debug|Any CPU
		{DD2799E8-7CF0-48F1-A0AF-B2F20EB66FD8}.Debug|Any CPU.Build.0 = Debug|Any CPU
		{DD2799E8-7CF0-48F1-A0AF-B2F20EB66FD8}.Debug|Any CPU.Deploy.0 = Debug|Any CPU
		{DD2799E8-7CF0-48F1-A0AF-B2F20EB66FD8}.Debug|iPhone.ActiveCfg = Debug|Any CPU
		{DD2799E8-7CF0-48F1-A0AF-B2F20EB66FD8}.Debug|iPhone.Build.0 = Debug|Any CPU
		{DD2799E8-7CF0-48F1-A0AF-B2F20EB66FD8}.Debug|iPhone.Deploy.0 = Debug|Any CPU
		{DD2799E8-7CF0-48F1-A0AF-B2F20EB66FD8}.Debug|iPhoneSimulator.ActiveCfg = Debug|Any CPU
		{DD2799E8-7CF0-48F1-A0AF-B2F20EB66FD8}.Debug|iPhoneSimulator.Build.0 = Debug|Any CPU
		{DD2799E8-7CF0-48F1-A0AF-B2F20EB66FD8}.Debug|iPhoneSimulator.Deploy.0 = Debug|Any CPU
		{DD2799E8-7CF0-48F1-A0AF-B2F20EB66FD8}.Release|Any CPU.ActiveCfg = Release|Any CPU
		{DD2799E8-7CF0-48F1-A0AF-B2F20EB66FD8}.Release|Any CPU.Build.0 = Release|Any CPU
		{DD2799E8-7CF0-48F1-A0AF-B2F20EB66FD8}.Release|Any CPU.Deploy.0 = Release|Any CPU
		{DD2799E8-7CF0-48F1-A0AF-B2F20EB66FD8}.Release|iPhone.ActiveCfg = Release|Any CPU
		{DD2799E8-7CF0-48F1-A0AF-B2F20EB66FD8}.Release|iPhone.Build.0 = Release|Any CPU
		{DD2799E8-7CF0-48F1-A0AF-B2F20EB66FD8}.Release|iPhone.Deploy.0 = Release|Any CPU
		{DD2799E8-7CF0-48F1-A0AF-B2F20EB66FD8}.Release|iPhoneSimulator.ActiveCfg = Release|Any CPU
		{DD2799E8-7CF0-48F1-A0AF-B2F20EB66FD8}.Release|iPhoneSimulator.Build.0 = Release|Any CPU
		{DD2799E8-7CF0-48F1-A0AF-B2F20EB66FD8}.Release|iPhoneSimulator.Deploy.0 = Release|Any CPU
		{87746C0B-CEC6-49AF-8B31-3350CE691399}.Ad-Hoc|Any CPU.ActiveCfg = Ad-Hoc|iPhone
		{87746C0B-CEC6-49AF-8B31-3350CE691399}.Ad-Hoc|Any CPU.Build.0 = Ad-Hoc|iPhone
		{87746C0B-CEC6-49AF-8B31-3350CE691399}.Ad-Hoc|Any CPU.Deploy.0 = Ad-Hoc|iPhone
		{87746C0B-CEC6-49AF-8B31-3350CE691399}.Ad-Hoc|iPhone.ActiveCfg = Ad-Hoc|iPhone
		{87746C0B-CEC6-49AF-8B31-3350CE691399}.Ad-Hoc|iPhone.Build.0 = Ad-Hoc|iPhone
		{87746C0B-CEC6-49AF-8B31-3350CE691399}.Ad-Hoc|iPhone.Deploy.0 = Ad-Hoc|iPhone
		{87746C0B-CEC6-49AF-8B31-3350CE691399}.Ad-Hoc|iPhoneSimulator.ActiveCfg = Ad-Hoc|iPhoneSimulator
		{87746C0B-CEC6-49AF-8B31-3350CE691399}.Ad-Hoc|iPhoneSimulator.Build.0 = Ad-Hoc|iPhoneSimulator
		{87746C0B-CEC6-49AF-8B31-3350CE691399}.Ad-Hoc|iPhoneSimulator.Deploy.0 = Ad-Hoc|iPhoneSimulator
		{87746C0B-CEC6-49AF-8B31-3350CE691399}.AppStore|Any CPU.ActiveCfg = AppStore|iPhone
		{87746C0B-CEC6-49AF-8B31-3350CE691399}.AppStore|Any CPU.Build.0 = AppStore|iPhone
		{87746C0B-CEC6-49AF-8B31-3350CE691399}.AppStore|Any CPU.Deploy.0 = AppStore|iPhone
		{87746C0B-CEC6-49AF-8B31-3350CE691399}.AppStore|iPhone.ActiveCfg = AppStore|iPhone
		{87746C0B-CEC6-49AF-8B31-3350CE691399}.AppStore|iPhone.Build.0 = AppStore|iPhone
		{87746C0B-CEC6-49AF-8B31-3350CE691399}.AppStore|iPhone.Deploy.0 = AppStore|iPhone
		{87746C0B-CEC6-49AF-8B31-3350CE691399}.AppStore|iPhoneSimulator.ActiveCfg = AppStore|iPhoneSimulator
		{87746C0B-CEC6-49AF-8B31-3350CE691399}.AppStore|iPhoneSimulator.Build.0 = AppStore|iPhoneSimulator
		{87746C0B-CEC6-49AF-8B31-3350CE691399}.AppStore|iPhoneSimulator.Deploy.0 = AppStore|iPhoneSimulator
		{87746C0B-CEC6-49AF-8B31-3350CE691399}.Debug|Any CPU.ActiveCfg = Debug|iPhoneSimulator
		{87746C0B-CEC6-49AF-8B31-3350CE691399}.Debug|Any CPU.Build.0 = Debug|iPhoneSimulator
		{87746C0B-CEC6-49AF-8B31-3350CE691399}.Debug|Any CPU.Deploy.0 = Debug|iPhoneSimulator
		{87746C0B-CEC6-49AF-8B31-3350CE691399}.Debug|iPhone.ActiveCfg = Debug|iPhone
		{87746C0B-CEC6-49AF-8B31-3350CE691399}.Debug|iPhone.Build.0 = Debug|iPhone
		{87746C0B-CEC6-49AF-8B31-3350CE691399}.Debug|iPhone.Deploy.0 = Debug|iPhone
		{87746C0B-CEC6-49AF-8B31-3350CE691399}.Debug|iPhoneSimulator.ActiveCfg = Debug|iPhoneSimulator
		{87746C0B-CEC6-49AF-8B31-3350CE691399}.Debug|iPhoneSimulator.Build.0 = Debug|iPhoneSimulator
		{87746C0B-CEC6-49AF-8B31-3350CE691399}.Debug|iPhoneSimulator.Deploy.0 = Debug|iPhoneSimulator
		{87746C0B-CEC6-49AF-8B31-3350CE691399}.Release|Any CPU.ActiveCfg = Release|iPhone
		{87746C0B-CEC6-49AF-8B31-3350CE691399}.Release|Any CPU.Build.0 = Release|iPhone
		{87746C0B-CEC6-49AF-8B31-3350CE691399}.Release|Any CPU.Deploy.0 = Release|iPhone
		{87746C0B-CEC6-49AF-8B31-3350CE691399}.Release|iPhone.ActiveCfg = Release|iPhone
		{87746C0B-CEC6-49AF-8B31-3350CE691399}.Release|iPhone.Build.0 = Release|iPhone
		{87746C0B-CEC6-49AF-8B31-3350CE691399}.Release|iPhone.Deploy.0 = Release|iPhone
		{87746C0B-CEC6-49AF-8B31-3350CE691399}.Release|iPhoneSimulator.ActiveCfg = Release|iPhoneSimulator
		{87746C0B-CEC6-49AF-8B31-3350CE691399}.Release|iPhoneSimulator.Build.0 = Release|iPhoneSimulator
		{87746C0B-CEC6-49AF-8B31-3350CE691399}.Release|iPhoneSimulator.Deploy.0 = Release|iPhoneSimulator
		{56D7E1EE-F065-4A6C-9EC1-86B6EC66CD09}.Ad-Hoc|Any CPU.ActiveCfg = Debug|Any CPU
		{56D7E1EE-F065-4A6C-9EC1-86B6EC66CD09}.Ad-Hoc|Any CPU.Build.0 = Debug|Any CPU
		{56D7E1EE-F065-4A6C-9EC1-86B6EC66CD09}.Ad-Hoc|Any CPU.Deploy.0 = Debug|Any CPU
		{56D7E1EE-F065-4A6C-9EC1-86B6EC66CD09}.Ad-Hoc|iPhone.ActiveCfg = Debug|Any CPU
		{56D7E1EE-F065-4A6C-9EC1-86B6EC66CD09}.Ad-Hoc|iPhone.Build.0 = Debug|Any CPU
		{56D7E1EE-F065-4A6C-9EC1-86B6EC66CD09}.Ad-Hoc|iPhone.Deploy.0 = Debug|Any CPU
		{56D7E1EE-F065-4A6C-9EC1-86B6EC66CD09}.Ad-Hoc|iPhoneSimulator.ActiveCfg = Debug|Any CPU
		{56D7E1EE-F065-4A6C-9EC1-86B6EC66CD09}.Ad-Hoc|iPhoneSimulator.Build.0 = Debug|Any CPU
		{56D7E1EE-F065-4A6C-9EC1-86B6EC66CD09}.Ad-Hoc|iPhoneSimulator.Deploy.0 = Debug|Any CPU
		{56D7E1EE-F065-4A6C-9EC1-86B6EC66CD09}.AppStore|Any CPU.ActiveCfg = Debug|Any CPU
		{56D7E1EE-F065-4A6C-9EC1-86B6EC66CD09}.AppStore|Any CPU.Build.0 = Debug|Any CPU
		{56D7E1EE-F065-4A6C-9EC1-86B6EC66CD09}.AppStore|Any CPU.Deploy.0 = Debug|Any CPU
		{56D7E1EE-F065-4A6C-9EC1-86B6EC66CD09}.AppStore|iPhone.ActiveCfg = Debug|Any CPU
		{56D7E1EE-F065-4A6C-9EC1-86B6EC66CD09}.AppStore|iPhone.Build.0 = Debug|Any CPU
		{56D7E1EE-F065-4A6C-9EC1-86B6EC66CD09}.AppStore|iPhone.Deploy.0 = Debug|Any CPU
		{56D7E1EE-F065-4A6C-9EC1-86B6EC66CD09}.AppStore|iPhoneSimulator.ActiveCfg = Debug|Any CPU
		{56D7E1EE-F065-4A6C-9EC1-86B6EC66CD09}.AppStore|iPhoneSimulator.Build.0 = Debug|Any CPU
		{56D7E1EE-F065-4A6C-9EC1-86B6EC66CD09}.AppStore|iPhoneSimulator.Deploy.0 = Debug|Any CPU
		{56D7E1EE-F065-4A6C-9EC1-86B6EC66CD09}.Debug|Any CPU.ActiveCfg = Debug|Any CPU
		{56D7E1EE-F065-4A6C-9EC1-86B6EC66CD09}.Debug|Any CPU.Build.0 = Debug|Any CPU
		{56D7E1EE-F065-4A6C-9EC1-86B6EC66CD09}.Debug|Any CPU.Deploy.0 = Debug|Any CPU
		{56D7E1EE-F065-4A6C-9EC1-86B6EC66CD09}.Debug|iPhone.ActiveCfg = Debug|Any CPU
		{56D7E1EE-F065-4A6C-9EC1-86B6EC66CD09}.Debug|iPhone.Build.0 = Debug|Any CPU
		{56D7E1EE-F065-4A6C-9EC1-86B6EC66CD09}.Debug|iPhone.Deploy.0 = Debug|Any CPU
		{56D7E1EE-F065-4A6C-9EC1-86B6EC66CD09}.Debug|iPhoneSimulator.ActiveCfg = Debug|Any CPU
		{56D7E1EE-F065-4A6C-9EC1-86B6EC66CD09}.Debug|iPhoneSimulator.Build.0 = Debug|Any CPU
		{56D7E1EE-F065-4A6C-9EC1-86B6EC66CD09}.Debug|iPhoneSimulator.Deploy.0 = Debug|Any CPU
		{56D7E1EE-F065-4A6C-9EC1-86B6EC66CD09}.Release|Any CPU.ActiveCfg = Release|Any CPU
		{56D7E1EE-F065-4A6C-9EC1-86B6EC66CD09}.Release|Any CPU.Build.0 = Release|Any CPU
		{56D7E1EE-F065-4A6C-9EC1-86B6EC66CD09}.Release|Any CPU.Deploy.0 = Release|Any CPU
		{56D7E1EE-F065-4A6C-9EC1-86B6EC66CD09}.Release|iPhone.ActiveCfg = Release|Any CPU
		{56D7E1EE-F065-4A6C-9EC1-86B6EC66CD09}.Release|iPhone.Build.0 = Release|Any CPU
		{56D7E1EE-F065-4A6C-9EC1-86B6EC66CD09}.Release|iPhone.Deploy.0 = Release|Any CPU
		{56D7E1EE-F065-4A6C-9EC1-86B6EC66CD09}.Release|iPhoneSimulator.ActiveCfg = Release|Any CPU
		{56D7E1EE-F065-4A6C-9EC1-86B6EC66CD09}.Release|iPhoneSimulator.Build.0 = Release|Any CPU
		{56D7E1EE-F065-4A6C-9EC1-86B6EC66CD09}.Release|iPhoneSimulator.Deploy.0 = Release|Any CPU
		{F79AA219-D551-4E13-A173-92A1ADC0E1A7}.Ad-Hoc|Any CPU.ActiveCfg = Release|Any CPU
		{F79AA219-D551-4E13-A173-92A1ADC0E1A7}.Ad-Hoc|Any CPU.Build.0 = Release|Any CPU
		{F79AA219-D551-4E13-A173-92A1ADC0E1A7}.Ad-Hoc|iPhone.ActiveCfg = Release|Any CPU
		{F79AA219-D551-4E13-A173-92A1ADC0E1A7}.Ad-Hoc|iPhone.Build.0 = Release|Any CPU
		{F79AA219-D551-4E13-A173-92A1ADC0E1A7}.Ad-Hoc|iPhoneSimulator.ActiveCfg = Release|Any CPU
		{F79AA219-D551-4E13-A173-92A1ADC0E1A7}.Ad-Hoc|iPhoneSimulator.Build.0 = Release|Any CPU
		{F79AA219-D551-4E13-A173-92A1ADC0E1A7}.AppStore|Any CPU.ActiveCfg = Release|Any CPU
		{F79AA219-D551-4E13-A173-92A1ADC0E1A7}.AppStore|Any CPU.Build.0 = Release|Any CPU
		{F79AA219-D551-4E13-A173-92A1ADC0E1A7}.AppStore|iPhone.ActiveCfg = Release|Any CPU
		{F79AA219-D551-4E13-A173-92A1ADC0E1A7}.AppStore|iPhone.Build.0 = Release|Any CPU
		{F79AA219-D551-4E13-A173-92A1ADC0E1A7}.AppStore|iPhoneSimulator.ActiveCfg = Release|Any CPU
		{F79AA219-D551-4E13-A173-92A1ADC0E1A7}.AppStore|iPhoneSimulator.Build.0 = Release|Any CPU
		{F79AA219-D551-4E13-A173-92A1ADC0E1A7}.Debug|Any CPU.ActiveCfg = Debug|Any CPU
		{F79AA219-D551-4E13-A173-92A1ADC0E1A7}.Debug|Any CPU.Build.0 = Debug|Any CPU
		{F79AA219-D551-4E13-A173-92A1ADC0E1A7}.Debug|iPhone.ActiveCfg = Debug|Any CPU
		{F79AA219-D551-4E13-A173-92A1ADC0E1A7}.Debug|iPhone.Build.0 = Debug|Any CPU
		{F79AA219-D551-4E13-A173-92A1ADC0E1A7}.Debug|iPhoneSimulator.ActiveCfg = Debug|Any CPU
		{F79AA219-D551-4E13-A173-92A1ADC0E1A7}.Debug|iPhoneSimulator.Build.0 = Debug|Any CPU
		{F79AA219-D551-4E13-A173-92A1ADC0E1A7}.Release|Any CPU.ActiveCfg = Release|Any CPU
		{F79AA219-D551-4E13-A173-92A1ADC0E1A7}.Release|Any CPU.Build.0 = Release|Any CPU
		{F79AA219-D551-4E13-A173-92A1ADC0E1A7}.Release|iPhone.ActiveCfg = Release|Any CPU
		{F79AA219-D551-4E13-A173-92A1ADC0E1A7}.Release|iPhone.Build.0 = Release|Any CPU
		{F79AA219-D551-4E13-A173-92A1ADC0E1A7}.Release|iPhoneSimulator.ActiveCfg = Release|Any CPU
		{F79AA219-D551-4E13-A173-92A1ADC0E1A7}.Release|iPhoneSimulator.Build.0 = Release|Any CPU
	EndGlobalSection
	GlobalSection(SolutionProperties) = preSolution
		HideSolutionNode = FALSE
	EndGlobalSection
	GlobalSection(ExtensibilityGlobals) = postSolution
		SolutionGuid = {2E1283A6-69F4-486B-9390-97D93B61D4BD}
	EndGlobalSection
EndGlobal
